# This file is automatically generated by cargo-component.
# It is not intended for manual editing.
version = 1

[[package]]
name = "wasi:clocks"

[[package.version]]
requirement = "=0.2.0"
version = "0.2.0"
digest = "sha256:51911098e929732f65d1d84f8dc393299f18a9e8de632d854714f37142efe97b"

[[package]]
name = "wasi:http"

[[package.version]]
requirement = "=0.2.0"
version = "0.2.0"
digest = "sha256:5a568e6e2d60c1ce51220e1833cdd5b88db9f615720edc762a9b4a6f36b383bd"

[[package]]
name = "wasi:io"

[[package.version]]
requirement = "=0.2.0"
version = "0.2.0"
digest = "sha256:c33b1dbf050f64229ff4decbf9a3d3420e0643a86f5f0cea29f81054820020a6"

[[package]]
name = "wasi:random"

[[package.version]]
requirement = "=0.2.0"
version = "0.2.0"
digest = "sha256:5d535edc544d06719cf337861b7917c3d565360295e5dc424046dceddb0a0e42"
